Microsoft Visual Studio Solution File, Format Version 11.00
# Visual Studio 2008

Project("{7DA17CED-A3C2-EB9D-22BA-EB0C5C628528}") = "EditUnityProject", "Assembly-CSharp.csproj", "{2B9AF513-F49C-84F2-9580-42D4FA6E3035}"
EndProject
Project("{7DA17CED-A3C2-EB9D-22BA-EB0C5C628528}") = "EditUnityProject", "Assembly-UnityScript.unityproj", "{6B3E15E1-A0CE-3579-5D5F-FFADC0DF0C62}"
EndProject
Global
	GlobalSection(SolutionConfigurationPlatforms) = preSolution
		Debug|Any CPU = Debug|Any CPU
		Release|Any CPU = Release|Any CPU
	EndGlobalSection
	GlobalSection(ProjectConfigurationPlatforms) = postSolution
		{2B9AF513-F49C-84F2-9580-42D4FA6E3035}.Debug|Any CPU.ActiveCfg = Debug|Any CPU
		{2B9AF513-F49C-84F2-9580-42D4FA6E3035}.Debug|Any CPU.Build.0 = Debug|Any CPU
		{2B9AF513-F49C-84F2-9580-42D4FA6E3035}.Release|Any CPU.ActiveCfg = Release|Any CPU
		{2B9AF513-F49C-84F2-9580-42D4FA6E3035}.Release|Any CPU.Build.0 = Release|Any CPU
		{6B3E15E1-A0CE-3579-5D5F-FFADC0DF0C62}.Debug|Any CPU.ActiveCfg = Debug|Any CPU
		{6B3E15E1-A0CE-3579-5D5F-FFADC0DF0C62}.Debug|Any CPU.Build.0 = Debug|Any CPU
		{6B3E15E1-A0CE-3579-5D5F-FFADC0DF0C62}.Release|Any CPU.ActiveCfg = Release|Any CPU
		{6B3E15E1-A0CE-3579-5D5F-FFADC0DF0C62}.Release|Any CPU.Build.0 = Release|Any CPU
	EndGlobalSection
	GlobalSection(SolutionProperties) = preSolution
		HideSolutionNode = FALSE
	EndGlobalSection
		GlobalSection(MonoDevelopProperties) = preSolution
		StartupItem = Assembly-CSharp.csproj
		Policies = $0
		$0.TextStylePolicy = $1
		$1.inheritsSet = null
		$1.scope = text/x-csharp
		$0.CSharpFormattingPolicy = $2
		$2.inheritsSet = Mono
		$2.inheritsScope = text/x-csharp
		$2.scope = text/x-csharp
		$0.TextStylePolicy = $3
		$3.FileWidth = 120
		$3.TabWidth = 4
		$3.EolMarker = Unix
		$3.inheritsSet = Mono
		$3.inheritsScope = text/plain
		$3.scope = text/plain
	EndGlobalSection

EndGlobal
