Microsoft Visual Studio Solution File, Format Version 11.00
# Visual Studio 2008

Project("{2EF809AF-25D6-D2AD-7CE0-BD9B086A9246}") = "player_attack_test", "Assembly-UnityScript.unityproj", "{0A710EFB-EB52-F491-6978-74AAA648949B}"
EndProject
Global
	GlobalSection(SolutionConfigurationPlatforms) = preSolution
		Debug|Any CPU = Debug|Any CPU
		Release|Any CPU = Release|Any CPU
	EndGlobalSection
	GlobalSection(ProjectConfigurationPlatforms) = postSolution
		{0A710EFB-EB52-F491-6978-74AAA648949B}.Debug|Any CPU.ActiveCfg = Debug|Any CPU
		{0A710EFB-EB52-F491-6978-74AAA648949B}.Debug|Any CPU.Build.0 = Debug|Any CPU
		{0A710EFB-EB52-F491-6978-74AAA648949B}.Release|Any CPU.ActiveCfg = Release|Any CPU
		{0A710EFB-EB52-F491-6978-74AAA648949B}.Release|Any CPU.Build.0 = Release|Any CPU
	EndGlobalSection
	GlobalSection(SolutionProperties) = preSolution
		HideSolutionNode = FALSE
	EndGlobalSection
														GlobalSection(MonoDevelopProperties) = preSolution
		StartupItem = Assembly-CSharp.csproj
		Policies = $0
		$0.TextStylePolicy = $1
		$1.inheritsSet = null
		$1.scope = text/x-csharp
		$0.CSharpFormattingPolicy = $2
		$2.inheritsSet = Mono
		$2.inheritsScope = text/x-csharp
		$2.scope = text/x-csharp
		$0.TextStylePolicy = $3
		$3.FileWidth = 120
		$3.TabWidth = 4
		$3.EolMarker = Unix
		$3.inheritsSet = Mono
		$3.inheritsScope = text/plain
		$3.scope = text/plain
	EndGlobalSection

EndGlobal
